
Microsoft Visual Studio Solution File, Format Version 12.00
# Visual Studio Version 17
VisualStudioVersion = 17.3.32825.248
MinimumVisualStudioVersion = 10.0.40219.1
Project("{FAE04EC0-301F-11D3-BF4B-00C04F79EFBC}") = "Ejercicio_4", "Ejercicio_4\Ejercicio_4.csproj", "{10928B74-9191-4665-BADF-CFD8E61166DE}"
EndProject
Global
	GlobalSection(SolutionConfigurationPlatforms) = preSolution
		Debug|Any CPU = Debug|Any CPU
		Release|Any CPU = Release|Any CPU
	EndGlobalSection
	GlobalSection(ProjectConfigurationPlatforms) = postSolution
		{10928B74-9191-4665-BADF-CFD8E61166DE}.Debug|Any CPU.ActiveCfg = Debug|Any CPU
		{10928B74-9191-4665-BADF-CFD8E61166DE}.Debug|Any CPU.Build.0 = Debug|Any CPU
		{10928B74-9191-4665-BADF-CFD8E61166DE}.Release|Any CPU.ActiveCfg = Release|Any CPU
		{10928B74-9191-4665-BADF-CFD8E61166DE}.Release|Any CPU.Build.0 = Release|Any CPU
	EndGlobalSection
	GlobalSection(SolutionProperties) = preSolution
		HideSolutionNode = FALSE
	EndGlobalSection
	GlobalSection(ExtensibilityGlobals) = postSolution
		SolutionGuid = {1C88302F-7C1D-4624-A8A7-24D81FAB1F85}
	EndGlobalSection
EndGlobal
