
Microsoft Visual Studio Solution File, Format Version 12.00
# Visual Studio Version 17
VisualStudioVersion = 17.3.32825.248
MinimumVisualStudioVersion = 10.0.40219.1
Project("{FAE04EC0-301F-11D3-BF4B-00C04F79EFBC}") = "Ejercicio_2", "Ejercicio_2\Ejercicio_2.csproj", "{F7C62066-76E2-4FC1-94DB-71D2CE8BAD18}"
EndProject
Project("{FAE04EC0-301F-11D3-BF4B-00C04F79EFBC}") = "TestAPP", "TestAPP\TestAPP.csproj", "{7D5B661D-4E74-4DCD-BB12-78E574FEBC75}"
EndProject
Global
	GlobalSection(SolutionConfigurationPlatforms) = preSolution
		Debug|Any CPU = Debug|Any CPU
		Release|Any CPU = Release|Any CPU
	EndGlobalSection
	GlobalSection(ProjectConfigurationPlatforms) = postSolution
		{F7C62066-76E2-4FC1-94DB-71D2CE8BAD18}.Debug|Any CPU.ActiveCfg = Debug|Any CPU
		{F7C62066-76E2-4FC1-94DB-71D2CE8BAD18}.Debug|Any CPU.Build.0 = Debug|Any CPU
		{F7C62066-76E2-4FC1-94DB-71D2CE8BAD18}.Release|Any CPU.ActiveCfg = Release|Any CPU
		{F7C62066-76E2-4FC1-94DB-71D2CE8BAD18}.Release|Any CPU.Build.0 = Release|Any CPU
		{7D5B661D-4E74-4DCD-BB12-78E574FEBC75}.Debug|Any CPU.ActiveCfg = Debug|Any CPU
		{7D5B661D-4E74-4DCD-BB12-78E574FEBC75}.Debug|Any CPU.Build.0 = Debug|Any CPU
		{7D5B661D-4E74-4DCD-BB12-78E574FEBC75}.Release|Any CPU.ActiveCfg = Release|Any CPU
		{7D5B661D-4E74-4DCD-BB12-78E574FEBC75}.Release|Any CPU.Build.0 = Release|Any CPU
	EndGlobalSection
	GlobalSection(SolutionProperties) = preSolution
		HideSolutionNode = FALSE
	EndGlobalSection
	GlobalSection(ExtensibilityGlobals) = postSolution
		SolutionGuid = {2CD6D136-C3E3-473B-AED2-4DD3CF052B12}
	EndGlobalSection
EndGlobal
