
Microsoft Visual Studio Solution File, Format Version 12.00
# Visual Studio Version 17
VisualStudioVersion = 17.3.32825.248
MinimumVisualStudioVersion = 10.0.40219.1
Project("{FAE04EC0-301F-11D3-BF4B-00C04F79EFBC}") = "Ejercicio_6", "Ejercicio_6\Ejercicio_6.csproj", "{F330F512-0EC8-4126-88DD-1F61AD9E934D}"
EndProject
Global
	GlobalSection(SolutionConfigurationPlatforms) = preSolution
		Debug|Any CPU = Debug|Any CPU
		Release|Any CPU = Release|Any CPU
	EndGlobalSection
	GlobalSection(ProjectConfigurationPlatforms) = postSolution
		{F330F512-0EC8-4126-88DD-1F61AD9E934D}.Debug|Any CPU.ActiveCfg = Debug|Any CPU
		{F330F512-0EC8-4126-88DD-1F61AD9E934D}.Debug|Any CPU.Build.0 = Debug|Any CPU
		{F330F512-0EC8-4126-88DD-1F61AD9E934D}.Release|Any CPU.ActiveCfg = Release|Any CPU
		{F330F512-0EC8-4126-88DD-1F61AD9E934D}.Release|Any CPU.Build.0 = Release|Any CPU
	EndGlobalSection
	GlobalSection(SolutionProperties) = preSolution
		HideSolutionNode = FALSE
	EndGlobalSection
	GlobalSection(ExtensibilityGlobals) = postSolution
		SolutionGuid = {21012EC3-62E6-4F23-913F-0CAD1FECDD94}
	EndGlobalSection
EndGlobal
