
Microsoft Visual Studio Solution File, Format Version 12.00
# Visual Studio Version 17
VisualStudioVersion = 17.4.33110.190
MinimumVisualStudioVersion = 10.0.40219.1
Project("{FAE04EC0-301F-11D3-BF4B-00C04F79EFBC}") = "Ejercicio_3", "Ejercicio_3\Ejercicio_3.csproj", "{A86C486B-8C3F-4CCE-A25C-5EC2216F413D}"
EndProject
Project("{FAE04EC0-301F-11D3-BF4B-00C04F79EFBC}") = "TestComponent", "TestComponent\TestComponent.csproj", "{B8D3CF1C-CD9E-4473-A21B-74D35A270ED4}"
EndProject
Global
	GlobalSection(SolutionConfigurationPlatforms) = preSolution
		Debug|Any CPU = Debug|Any CPU
		Release|Any CPU = Release|Any CPU
	EndGlobalSection
	GlobalSection(ProjectConfigurationPlatforms) = postSolution
		{A86C486B-8C3F-4CCE-A25C-5EC2216F413D}.Debug|Any CPU.ActiveCfg = Debug|Any CPU
		{A86C486B-8C3F-4CCE-A25C-5EC2216F413D}.Debug|Any CPU.Build.0 = Debug|Any CPU
		{A86C486B-8C3F-4CCE-A25C-5EC2216F413D}.Release|Any CPU.ActiveCfg = Release|Any CPU
		{A86C486B-8C3F-4CCE-A25C-5EC2216F413D}.Release|Any CPU.Build.0 = Release|Any CPU
		{B8D3CF1C-CD9E-4473-A21B-74D35A270ED4}.Debug|Any CPU.ActiveCfg = Debug|Any CPU
		{B8D3CF1C-CD9E-4473-A21B-74D35A270ED4}.Debug|Any CPU.Build.0 = Debug|Any CPU
		{B8D3CF1C-CD9E-4473-A21B-74D35A270ED4}.Release|Any CPU.ActiveCfg = Release|Any CPU
		{B8D3CF1C-CD9E-4473-A21B-74D35A270ED4}.Release|Any CPU.Build.0 = Release|Any CPU
	EndGlobalSection
	GlobalSection(SolutionProperties) = preSolution
		HideSolutionNode = FALSE
	EndGlobalSection
	GlobalSection(ExtensibilityGlobals) = postSolution
		SolutionGuid = {3AA21B4C-1E1B-4382-87E8-1650B0EDC7FA}
	EndGlobalSection
EndGlobal
